
Microsoft Visual Studio Solution File, Format Version 12.00
# Visual Studio Version 16
VisualStudioVersion = 16.0.30804.86
MinimumVisualStudioVersion = 10.0.40219.1
Project("{FAE04EC0-301F-11D3-BF4B-00C04F79EFBC}") = "WebApi27_12_2020", "WebApi27_12_2020\WebApi27_12_2020.csproj", "{F318E949-DF9A-407A-A8D5-A7B2001B9203}"
EndProject
Global
	GlobalSection(SolutionConfigurationPlatforms) = preSolution
		Debug|Any CPU = Debug|Any CPU
		Release|Any CPU = Release|Any CPU
	EndGlobalSection
	GlobalSection(ProjectConfigurationPlatforms) = postSolution
		{F318E949-DF9A-407A-A8D5-A7B2001B9203}.Debug|Any CPU.ActiveCfg = Debug|Any CPU
		{F318E949-DF9A-407A-A8D5-A7B2001B9203}.Debug|Any CPU.Build.0 = Debug|Any CPU
		{F318E949-DF9A-407A-A8D5-A7B2001B9203}.Release|Any CPU.ActiveCfg = Release|Any CPU
		{F318E949-DF9A-407A-A8D5-A7B2001B9203}.Release|Any CPU.Build.0 = Release|Any CPU
	EndGlobalSection
	GlobalSection(SolutionProperties) = preSolution
		HideSolutionNode = FALSE
	EndGlobalSection
	GlobalSection(ExtensibilityGlobals) = postSolution
		SolutionGuid = {F9B32DB0-5984-406E-B895-91BBCCB56B77}
	EndGlobalSection
EndGlobal
